// !$*UTF8*$!
{
	archiveVersion = 1;
	classes = {
	};
	objectVersion = 46;
	objects = {

/* Begin PBXBuildFile section */
		04F77B22196A7C3D00F732C8 /* Foundation.framework in Frameworks */ = {isa = PBXBuildFile; fileRef = 04F77B21196A7C3D00F732C8 /* Foundation.framework */; };
		04F77B24196A7C3D00F732C8 /* CoreGraphics.framework in Frameworks */ = {isa = PBXBuildFile; fileRef = 04F77B23196A7C3D00F732C8 /* CoreGraphics.framework */; };
		04F77B26196A7C3D00F732C8 /* UIKit.framework in Frameworks */ = {isa = PBXBuildFile; fileRef = 04F77B25196A7C3D00F732C8 /* UIKit.framework */; };
		04F77B2C196A7C3D00F732C8 /* InfoPlist.strings in Resources */ = {isa = PBXBuildFile; fileRef = 04F77B2A196A7C3D00F732C8 /* InfoPlist.strings */; };
		04F77B2E196A7C3D00F732C8 /* main.m in Sources */ = {isa = PBXBuildFile; fileRef = 04F77B2D196A7C3D00F732C8 /* main.m */; };
		04F77B32196A7C3D00F732C8 /* AppDelegate.m in Sources */ = {isa = PBXBuildFile; fileRef = 04F77B31196A7C3D00F732C8 /* AppDelegate.m */; };
		04F77B34196A7C3D00F732C8 /* Images.xcassets in Resources */ = {isa = PBXBuildFile; fileRef = 04F77B33196A7C3D00F732C8 /* Images.xcassets */; };
		04F77B3B196A7C3D00F732C8 /* XCTest.framework in Frameworks */ = {isa = PBXBuildFile; fileRef = 04F77B3A196A7C3D00F732C8 /* XCTest.framework */; };
		04F77B3C196A7C3D00F732C8 /* Foundation.framework in Frameworks */ = {isa = PBXBuildFile; fileRef = 04F77B21196A7C3D00F732C8 /* Foundation.framework */; };
		04F77B3D196A7C3D00F732C8 /* UIKit.framework in Frameworks */ = {isa = PBXBuildFile; fileRef = 04F77B25196A7C3D00F732C8 /* UIKit.framework */; };
		04F77B45196A7C3D00F732C8 /* InfoPlist.strings in Resources */ = {isa = PBXBuildFile; fileRef = 04F77B43196A7C3D00F732C8 /* InfoPlist.strings */; };
		04F77B47196A7C3D00F732C8 /* __Tests.m in Sources */ = {isa = PBXBuildFile; fileRef = 04F77B46196A7C3D00F732C8 /* __Tests.m */; };
		04F77B52196A7C7B00F732C8 /* shotScreenViewController.m in Sources */ = {isa = PBXBuildFile; fileRef = 04F77B51196A7C7B00F732C8 /* shotScreenViewController.m */; };
		04F77B57196A7CB700F732C8 /* showScreenView.m in Sources */ = {isa = PBXBuildFile; fileRef = 04F77B56196A7CB700F732C8 /* showScreenView.m */; };
		04F77B5B196A7F2A00F732C8 /* shotScreenModel.m in Sources */ = {isa = PBXBuildFile; fileRef = 04F77B5A196A7F2A00F732C8 /* shotScreenModel.m */; };
		80CC27391977B22C0049F478 /* 44副本.jpg in Resources */ = {isa = PBXBuildFile; fileRef = 80CC27381977B22C0049F478 /* 44副本.jpg */; };
/* End PBXBuildFile section */

/* Begin PBXContainerItemProxy section */
		04F77B3E196A7C3D00F732C8 /* PBXContainerItemProxy */ = {
			isa = PBXContainerItemProxy;
			containerPortal = 04F77B16196A7C3D00F732C8 /* Project object */;
			proxyType = 1;
			remoteGlobalIDString = 04F77B1D196A7C3D00F732C8;
			remoteInfo = "截屏";
		};
/* End PBXContainerItemProxy section */

/* Begin PBXFileReference section */
		04F77B1E196A7C3D00F732C8 /* 截屏.app */ = {isa = PBXFileReference; explicitFileType = wrapper.application; includeInIndex = 0; path = "截屏.app"; sourceTree = BUILT_PRODUCTS_DIR; };
		04F77B21196A7C3D00F732C8 /* Foundation.framework */ = {isa = PBXFileReference; lastKnownFileType = wrapper.framework; name = Foundation.framework; path = System/Library/Frameworks/Foundation.framework; sourceTree = SDKROOT; };
		04F77B23196A7C3D00F732C8 /* CoreGraphics.framework */ = {isa = PBXFileReference; lastKnownFileType = wrapper.framework; name = CoreGraphics.framework; path = System/Library/Frameworks/CoreGraphics.framework; sourceTree = SDKROOT; };
		04F77B25196A7C3D00F732C8 /* UIKit.framework */ = {isa = PBXFileReference; lastKnownFileType = wrapper.framework; name = UIKit.framework; path = System/Library/Frameworks/UIKit.framework; sourceTree = SDKROOT; };
		04F77B29196A7C3D00F732C8 /* 截屏-Info.plist */ = {isa = PBXFileReference; lastKnownFileType = text.plist.xml; path = "截屏-Info.plist"; sourceTree = "<group>"; };
		04F77B2B196A7C3D00F732C8 /* en */ = {isa = PBXFileReference; lastKnownFileType = text.plist.strings; name = en; path = en.lproj/InfoPlist.strings; sourceTree = "<group>"; };
		04F77B2D196A7C3D00F732C8 /* main.m */ = {isa = PBXFileReference; lastKnownFileType = sourcecode.c.objc; path = main.m; sourceTree = "<group>"; };
		04F77B2F196A7C3D00F732C8 /* 截屏-Prefix.pch */ = {isa = PBXFileReference; lastKnownFileType = sourcecode.c.h; path = "截屏-Prefix.pch"; sourceTree = "<group>"; };
		04F77B30196A7C3D00F732C8 /* AppDelegate.h */ = {isa = PBXFileReference; lastKnownFileType = sourcecode.c.h; path = AppDelegate.h; sourceTree = "<group>"; };
		04F77B31196A7C3D00F732C8 /* AppDelegate.m */ = {isa = PBXFileReference; lastKnownFileType = sourcecode.c.objc; path = AppDelegate.m; sourceTree = "<group>"; };
		04F77B33196A7C3D00F732C8 /* Images.xcassets */ = {isa = PBXFileReference; lastKnownFileType = folder.assetcatalog; path = Images.xcassets; sourceTree = "<group>"; };
		04F77B39196A7C3D00F732C8 /* 截屏Tests.xctest */ = {isa = PBXFileReference; explicitFileType = wrapper.cfbundle; includeInIndex = 0; path = "截屏Tests.xctest"; sourceTree = BUILT_PRODUCTS_DIR; };
		04F77B3A196A7C3D00F732C8 /* XCTest.framework */ = {isa = PBXFileReference; lastKnownFileType = wrapper.framework; name = XCTest.framework; path = Library/Frameworks/XCTest.framework; sourceTree = DEVELOPER_DIR; };
		04F77B42196A7C3D00F732C8 /* 截屏Tests-Info.plist */ = {isa = PBXFileReference; lastKnownFileType = text.plist.xml; path = "截屏Tests-Info.plist"; sourceTree = "<group>"; };
		04F77B44196A7C3D00F732C8 /* en */ = {isa = PBXFileReference; lastKnownFileType = text.plist.strings; name = en; path = en.lproj/InfoPlist.strings; sourceTree = "<group>"; };
		04F77B46196A7C3D00F732C8 /* __Tests.m */ = {isa = PBXFileReference; lastKnownFileType = sourcecode.c.objc; path = __Tests.m; sourceTree = "<group>"; };
		04F77B50196A7C7B00F732C8 /* shotScreenViewController.h */ = {isa = PBXFileReference; fileEncoding = 4; lastKnownFileType = sourcecode.c.h; path = shotScreenViewController.h; sourceTree = "<group>"; };
		04F77B51196A7C7B00F732C8 /* shotScreenViewController.m */ = {isa = PBXFileReference; fileEncoding = 4; lastKnownFileType = sourcecode.c.objc; path = shotScreenViewController.m; sourceTree = "<group>"; };
		04F77B55196A7CB700F732C8 /* showScreenView.h */ = {isa = PBXFileReference; fileEncoding = 4; lastKnownFileType = sourcecode.c.h; path = showScreenView.h; sourceTree = "<group>"; };
		04F77B56196A7CB700F732C8 /* showScreenView.m */ = {isa = PBXFileReference; fileEncoding = 4; lastKnownFileType = sourcecode.c.objc; path = showScreenView.m; sourceTree = "<group>"; };
		04F77B59196A7F2A00F732C8 /* shotScreenModel.h */ = {isa = PBXFileReference; fileEncoding = 4; lastKnownFileType = sourcecode.c.h; path = shotScreenModel.h; sourceTree = "<group>"; };
		04F77B5A196A7F2A00F732C8 /* shotScreenModel.m */ = {isa = PBXFileReference; fileEncoding = 4; lastKnownFileType = sourcecode.c.objc; path = shotScreenModel.m; sourceTree = "<group>"; };
		80CC27381977B22C0049F478 /* 44副本.jpg */ = {isa = PBXFileReference; lastKnownFileType = image.jpeg; path = "44副本.jpg"; sourceTree = "<group>"; };
/* End PBXFileReference section */

/* Begin PBXFrameworksBuildPhase section */
		04F77B1B196A7C3D00F732C8 /* Frameworks */ = {
			isa = PBXFrameworksBuildPhase;
			buildActionMask = 2147483647;
			files = (
				04F77B24196A7C3D00F732C8 /* CoreGraphics.framework in Frameworks */,
				04F77B26196A7C3D00F732C8 /* UIKit.framework in Frameworks */,
				04F77B22196A7C3D00F732C8 /* Foundation.framework in Frameworks */,
			);
			runOnlyForDeploymentPostprocessing = 0;
		};
		04F77B36196A7C3D00F732C8 /* Frameworks */ = {
			isa = PBXFrameworksBuildPhase;
			buildActionMask = 2147483647;
			files = (
				04F77B3B196A7C3D00F732C8 /* XCTest.framework in Frameworks */,
				04F77B3D196A7C3D00F732C8 /* UIKit.framework in Frameworks */,
				04F77B3C196A7C3D00F732C8 /* Foundation.framework in Frameworks */,
			);
			runOnlyForDeploymentPostprocessing = 0;
		};
/* End PBXFrameworksBuildPhase section */

/* Begin PBXGroup section */
		04F77B15196A7C3D00F732C8 = {
			isa = PBXGroup;
			children = (
				04F77B58196A7EF200F732C8 /* models */,
				04F77B54196A7C8C00F732C8 /* views */,
				04F77B53196A7C8400F732C8 /* controllers */,
				04F77B50196A7C7B00F732C8 /* shotScreenViewController.h */,
				04F77B51196A7C7B00F732C8 /* shotScreenViewController.m */,
				80CC27381977B22C0049F478 /* 44副本.jpg */,
				04F77B27196A7C3D00F732C8 /* 截屏 */,
				04F77B40196A7C3D00F732C8 /* 截屏Tests */,
				04F77B20196A7C3D00F732C8 /* Frameworks */,
				04F77B1F196A7C3D00F732C8 /* Products */,
			);
			sourceTree = "<group>";
		};
		04F77B1F196A7C3D00F732C8 /* Products */ = {
			isa = PBXGroup;
			children = (
				04F77B1E196A7C3D00F732C8 /* 截屏.app */,
				04F77B39196A7C3D00F732C8 /* 截屏Tests.xctest */,
			);
			name = Products;
			sourceTree = "<group>";
		};
		04F77B20196A7C3D00F732C8 /* Frameworks */ = {
			isa = PBXGroup;
			children = (
				04F77B21196A7C3D00F732C8 /* Foundation.framework */,
				04F77B23196A7C3D00F732C8 /* CoreGraphics.framework */,
				04F77B25196A7C3D00F732C8 /* UIKit.framework */,
				04F77B3A196A7C3D00F732C8 /* XCTest.framework */,
			);
			name = Frameworks;
			sourceTree = "<group>";
		};
		04F77B27196A7C3D00F732C8 /* 截屏 */ = {
			isa = PBXGroup;
			children = (
				04F77B30196A7C3D00F732C8 /* AppDelegate.h */,
				04F77B31196A7C3D00F732C8 /* AppDelegate.m */,
				04F77B33196A7C3D00F732C8 /* Images.xcassets */,
				04F77B28196A7C3D00F732C8 /* Supporting Files */,
			);
			path = "截屏";
			sourceTree = "<group>";
		};
		04F77B28196A7C3D00F732C8 /* Supporting Files */ = {
			isa = PBXGroup;
			children = (
				04F77B29196A7C3D00F732C8 /* 截屏-Info.plist */,
				04F77B2A196A7C3D00F732C8 /* InfoPlist.strings */,
				04F77B2D196A7C3D00F732C8 /* main.m */,
				04F77B2F196A7C3D00F732C8 /* 截屏-Prefix.pch */,
			);
			name = "Supporting Files";
			sourceTree = "<group>";
		};
		04F77B40196A7C3D00F732C8 /* 截屏Tests */ = {
			isa = PBXGroup;
			children = (
				04F77B46196A7C3D00F732C8 /* __Tests.m */,
				04F77B41196A7C3D00F732C8 /* Supporting Files */,
			);
			path = "截屏Tests";
			sourceTree = "<group>";
		};
		04F77B41196A7C3D00F732C8 /* Supporting Files */ = {
			isa = PBXGroup;
			children = (
				04F77B42196A7C3D00F732C8 /* 截屏Tests-Info.plist */,
				04F77B43196A7C3D00F732C8 /* InfoPlist.strings */,
			);
			name = "Supporting Files";
			sourceTree = "<group>";
		};
		04F77B53196A7C8400F732C8 /* controllers */ = {
			isa = PBXGroup;
			children = (
			);
			name = controllers;
			sourceTree = "<group>";
		};
		04F77B54196A7C8C00F732C8 /* views */ = {
			isa = PBXGroup;
			children = (
				04F77B55196A7CB700F732C8 /* showScreenView.h */,
				04F77B56196A7CB700F732C8 /* showScreenView.m */,
			);
			name = views;
			sourceTree = "<group>";
		};
		04F77B58196A7EF200F732C8 /* models */ = {
			isa = PBXGroup;
			children = (
				04F77B59196A7F2A00F732C8 /* shotScreenModel.h */,
				04F77B5A196A7F2A00F732C8 /* shotScreenModel.m */,
			);
			name = models;
			sourceTree = "<group>";
		};
/* End PBXGroup section */

/* Begin PBXNativeTarget section */
		04F77B1D196A7C3D00F732C8 /* 截屏 */ = {
			isa = PBXNativeTarget;
			buildConfigurationList = 04F77B4A196A7C3D00F732C8 /* Build configuration list for PBXNativeTarget "截屏" */;
			buildPhases = (
				04F77B1A196A7C3D00F732C8 /* Sources */,
				04F77B1B196A7C3D00F732C8 /* Frameworks */,
				04F77B1C196A7C3D00F732C8 /* Resources */,
			);
			buildRules = (
			);
			dependencies = (
			);
			name = "截屏";
			productName = "截屏";
			productReference = 04F77B1E196A7C3D00F732C8 /* 截屏.app */;
			productType = "com.apple.product-type.application";
		};
		04F77B38196A7C3D00F732C8 /* 截屏Tests */ = {
			isa = PBXNativeTarget;
			buildConfigurationList = 04F77B4D196A7C3D00F732C8 /* Build configuration list for PBXNativeTarget "截屏Tests" */;
			buildPhases = (
				04F77B35196A7C3D00F732C8 /* Sources */,
				04F77B36196A7C3D00F732C8 /* Frameworks */,
				04F77B37196A7C3D00F732C8 /* Resources */,
			);
			buildRules = (
			);
			dependencies = (
				04F77B3F196A7C3D00F732C8 /* PBXTargetDependency */,
			);
			name = "截屏Tests";
			productName = "截屏Tests";
			productReference = 04F77B39196A7C3D00F732C8 /* 截屏Tests.xctest */;
			productType = "com.apple.product-type.bundle.unit-test";
		};
/* End PBXNativeTarget section */

/* Begin PBXProject section */
		04F77B16196A7C3D00F732C8 /* Project object */ = {
			isa = PBXProject;
			attributes = {
				LastUpgradeCheck = 0510;
				ORGANIZATIONNAME = "PYC\\MFW";
				TargetAttributes = {
					04F77B38196A7C3D00F732C8 = {
						TestTargetID = 04F77B1D196A7C3D00F732C8;
					};
				};
			};
			buildConfigurationList = 04F77B19196A7C3D00F732C8 /* Build configuration list for PBXProject "截屏" */;
			compatibilityVersion = "Xcode 3.2";
			developmentRegion = English;
			hasScannedForEncodings = 0;
			knownRegions = (
				en,
			);
			mainGroup = 04F77B15196A7C3D00F732C8;
			productRefGroup = 04F77B1F196A7C3D00F732C8 /* Products */;
			projectDirPath = "";
			projectRoot = "";
			targets = (
				04F77B1D196A7C3D00F732C8 /* 截屏 */,
				04F77B38196A7C3D00F732C8 /* 截屏Tests */,
			);
		};
/* End PBXProject section */

/* Begin PBXResourcesBuildPhase section */
		04F77B1C196A7C3D00F732C8 /* Resources */ = {
			isa = PBXResourcesBuildPhase;
			buildActionMask = 2147483647;
			files = (
				04F77B2C196A7C3D00F732C8 /* InfoPlist.strings in Resources */,
				04F77B34196A7C3D00F732C8 /* Images.xcassets in Resources */,
				80CC27391977B22C0049F478 /* 44副本.jpg in Resources */,
			);
			runOnlyForDeploymentPostprocessing = 0;
		};
		04F77B37196A7C3D00F732C8 /* Resources */ = {
			isa = PBXResourcesBuildPhase;
			buildActionMask = 2147483647;
			files = (
				04F77B45196A7C3D00F732C8 /* InfoPlist.strings in Resources */,
			);
			runOnlyForDeploymentPostprocessing = 0;
		};
/* End PBXResourcesBuildPhase section */

/* Begin PBXSourcesBuildPhase section */
		04F77B1A196A7C3D00F732C8 /* Sources */ = {
			isa = PBXSourcesBuildPhase;
			buildActionMask = 2147483647;
			files = (
				04F77B32196A7C3D00F732C8 /* AppDelegate.m in Sources */,
				04F77B2E196A7C3D00F732C8 /* main.m in Sources */,
				04F77B52196A7C7B00F732C8 /* shotScreenViewController.m in Sources */,
				04F77B5B196A7F2A00F732C8 /* shotScreenModel.m in Sources */,
				04F77B57196A7CB700F732C8 /* showScreenView.m in Sources */,
			);
			runOnlyForDeploymentPostprocessing = 0;
		};
		04F77B35196A7C3D00F732C8 /* Sources */ = {
			isa = PBXSourcesBuildPhase;
			buildActionMask = 2147483647;
			files = (
				04F77B47196A7C3D00F732C8 /* __Tests.m in Sources */,
			);
			runOnlyForDeploymentPostprocessing = 0;
		};
/* End PBXSourcesBuildPhase section */

/* Begin PBXTargetDependency section */
		04F77B3F196A7C3D00F732C8 /* PBXTargetDependency */ = {
			isa = PBXTargetDependency;
			target = 04F77B1D196A7C3D00F732C8 /* 截屏 */;
			targetProxy = 04F77B3E196A7C3D00F732C8 /* PBXContainerItemProxy */;
		};
/* End PBXTargetDependency section */

/* Begin PBXVariantGroup section */
		04F77B2A196A7C3D00F732C8 /* InfoPlist.strings */ = {
			isa = PBXVariantGroup;
			children = (
				04F77B2B196A7C3D00F732C8 /* en */,
			);
			name = InfoPlist.strings;
			sourceTree = "<group>";
		};
		04F77B43196A7C3D00F732C8 /* InfoPlist.strings */ = {
			isa = PBXVariantGroup;
			children = (
				04F77B44196A7C3D00F732C8 /* en */,
			);
			name = InfoPlist.strings;
			sourceTree = "<group>";
		};
/* End PBXVariantGroup section */

/* Begin XCBuildConfiguration section */
		04F77B48196A7C3D00F732C8 /* Debug */ = {
			isa = XCBuildConfiguration;
			buildSettings = {
				ALWAYS_SEARCH_USER_PATHS = NO;
				CLANG_CXX_LANGUAGE_STANDARD = "gnu++0x";
				CLANG_CXX_LIBRARY = "libc++";
				CLANG_ENABLE_MODULES = YES;
				CLANG_ENABLE_OBJC_ARC = YES;
				CLANG_WARN_BOOL_CONVERSION = YES;
				CLANG_WARN_CONSTANT_CONVERSION = YES;
				CLANG_WARN_DIRECT_OBJC_ISA_USAGE = YES_ERROR;
				CLANG_WARN_EMPTY_BODY = YES;
				CLANG_WARN_ENUM_CONVERSION = YES;
				CLANG_WARN_INT_CONVERSION = YES;
				CLANG_WARN_OBJC_ROOT_CLASS = YES_ERROR;
				CLANG_WARN__DUPLICATE_METHOD_MATCH = YES;
				"CODE_SIGN_IDENTITY[sdk=iphoneos*]" = "iPhone Developer";
				COPY_PHASE_STRIP = NO;
				GCC_C_LANGUAGE_STANDARD = gnu99;
				GCC_DYNAMIC_NO_PIC = NO;
				GCC_OPTIMIZATION_LEVEL = 0;
				GCC_PREPROCESSOR_DEFINITIONS = (
					"DEBUG=1",
					"$(inherited)",
				);
				GCC_SYMBOLS_PRIVATE_EXTERN = NO;
				GCC_WARN_64_TO_32_BIT_CONVERSION = YES;
				GCC_WARN_ABOUT_RETURN_TYPE = YES_ERROR;
				GCC_WARN_UNDECLARED_SELECTOR = YES;
				GCC_WARN_UNINITIALIZED_AUTOS = YES_AGGRESSIVE;
				GCC_WARN_UNUSED_FUNCTION = YES;
				GCC_WARN_UNUSED_VARIABLE = YES;
				IPHONEOS_DEPLOYMENT_TARGET = 7.1;
				ONLY_ACTIVE_ARCH = YES;
				SDKROOT = iphoneos;
				TARGETED_DEVICE_FAMILY = "1,2";
			};
			name = Debug;
		};
		04F77B49196A7C3D00F732C8 /* Release */ = {
			isa = XCBuildConfiguration;
			buildSettings = {
				ALWAYS_SEARCH_USER_PATHS = NO;
				CLANG_CXX_LANGUAGE_STANDARD = "gnu++0x";
				CLANG_CXX_LIBRARY = "libc++";
				CLANG_ENABLE_MODULES = YES;
				CLANG_ENABLE_OBJC_ARC = YES;
				CLANG_WARN_BOOL_CONVERSION = YES;
				CLANG_WARN_CONSTANT_CONVERSION = YES;
				CLANG_WARN_DIRECT_OBJC_ISA_USAGE = YES_ERROR;
				CLANG_WARN_EMPTY_BODY = YES;
				CLANG_WARN_ENUM_CONVERSION = YES;
				CLANG_WARN_INT_CONVERSION = YES;
				CLANG_WARN_OBJC_ROOT_CLASS = YES_ERROR;
				CLANG_WARN__DUPLICATE_METHOD_MATCH = YES;
				"CODE_SIGN_IDENTITY[sdk=iphoneos*]" = "iPhone Developer";
				COPY_PHASE_STRIP = YES;
				ENABLE_NS_ASSERTIONS = NO;
				GCC_C_LANGUAGE_STANDARD = gnu99;
				GCC_WARN_64_TO_32_BIT_CONVERSION = YES;
				GCC_WARN_ABOUT_RETURN_TYPE = YES_ERROR;
				GCC_WARN_UNDECLARED_SELECTOR = YES;
				GCC_WARN_UNINITIALIZED_AUTOS = YES_AGGRESSIVE;
				GCC_WARN_UNUSED_FUNCTION = YES;
				GCC_WARN_UNUSED_VARIABLE = YES;
				IPHONEOS_DEPLOYMENT_TARGET = 7.1;
				SDKROOT = iphoneos;
				TARGETED_DEVICE_FAMILY = "1,2";
				VALIDATE_PRODUCT = YES;
			};
			name = Release;
		};
		04F77B4B196A7C3D00F732C8 /* Debug */ = {
			isa = XCBuildConfiguration;
			buildSettings = {
				ASSETCATALOG_COMPILER_APPICON_NAME = AppIcon;
				ASSETCATALOG_COMPILER_LAUNCHIMAGE_NAME = LaunchImage;
				GCC_PRECOMPILE_PREFIX_HEADER = YES;
				GCC_PREFIX_HEADER = "截屏/截屏-Prefix.pch";
				INFOPLIST_FILE = "截屏/截屏-Info.plist";
				PRODUCT_NAME = "$(TARGET_NAME)";
				WRAPPER_EXTENSION = app;
			};
			name = Debug;
		};
		04F77B4C196A7C3D00F732C8 /* Release */ = {
			isa = XCBuildConfiguration;
			buildSettings = {
				ASSETCATALOG_COMPILER_APPICON_NAME = AppIcon;
				ASSETCATALOG_COMPILER_LAUNCHIMAGE_NAME = LaunchImage;
				GCC_PRECOMPILE_PREFIX_HEADER = YES;
				GCC_PREFIX_HEADER = "截屏/截屏-Prefix.pch";
				INFOPLIST_FILE = "截屏/截屏-Info.plist";
				PRODUCT_NAME = "$(TARGET_NAME)";
				WRAPPER_EXTENSION = app;
			};
			name = Release;
		};
		04F77B4E196A7C3D00F732C8 /* Debug */ = {
			isa = XCBuildConfiguration;
			buildSettings = {
				BUNDLE_LOADER = "$(BUILT_PRODUCTS_DIR)/截屏.app/截屏";
				FRAMEWORK_SEARCH_PATHS = (
					"$(SDKROOT)/Developer/Library/Frameworks",
					"$(inherited)",
					"$(DEVELOPER_FRAMEWORKS_DIR)",
				);
				GCC_PRECOMPILE_PREFIX_HEADER = YES;
				GCC_PREFIX_HEADER = "截屏/截屏-Prefix.pch";
				GCC_PREPROCESSOR_DEFINITIONS = (
					"DEBUG=1",
					"$(inherited)",
				);
				INFOPLIST_FILE = "截屏Tests/截屏Tests-Info.plist";
				PRODUCT_NAME = "$(TARGET_NAME)";
				TEST_HOST = "$(BUNDLE_LOADER)";
				WRAPPER_EXTENSION = xctest;
			};
			name = Debug;
		};
		04F77B4F196A7C3D00F732C8 /* Release */ = {
			isa = XCBuildConfiguration;
			buildSettings = {
				BUNDLE_LOADER = "$(BUILT_PRODUCTS_DIR)/截屏.app/截屏";
				FRAMEWORK_SEARCH_PATHS = (
					"$(SDKROOT)/Developer/Library/Frameworks",
					"$(inherited)",
					"$(DEVELOPER_FRAMEWORKS_DIR)",
				);
				GCC_PRECOMPILE_PREFIX_HEADER = YES;
				GCC_PREFIX_HEADER = "截屏/截屏-Prefix.pch";
				INFOPLIST_FILE = "截屏Tests/截屏Tests-Info.plist";
				PRODUCT_NAME = "$(TARGET_NAME)";
				TEST_HOST = "$(BUNDLE_LOADER)";
				WRAPPER_EXTENSION = xctest;
			};
			name = Release;
		};
/* End XCBuildConfiguration section */

/* Begin XCConfigurationList section */
		04F77B19196A7C3D00F732C8 /* Build configuration list for PBXProject "截屏" */ = {
			isa = XCConfigurationList;
			buildConfigurations = (
				04F77B48196A7C3D00F732C8 /* Debug */,
				04F77B49196A7C3D00F732C8 /* Release */,
			);
			defaultConfigurationIsVisible = 0;
			defaultConfigurationName = Release;
		};
		04F77B4A196A7C3D00F732C8 /* Build configuration list for PBXNativeTarget "截屏" */ = {
			isa = XCConfigurationList;
			buildConfigurations = (
				04F77B4B196A7C3D00F732C8 /* Debug */,
				04F77B4C196A7C3D00F732C8 /* Release */,
			);
			defaultConfigurationIsVisible = 0;
			defaultConfigurationName = Release;
		};
		04F77B4D196A7C3D00F732C8 /* Build configuration list for PBXNativeTarget "截屏Tests" */ = {
			isa = XCConfigurationList;
			buildConfigurations = (
				04F77B4E196A7C3D00F732C8 /* Debug */,
				04F77B4F196A7C3D00F732C8 /* Release */,
			);
			defaultConfigurationIsVisible = 0;
			defaultConfigurationName = Release;
		};
/* End XCConfigurationList section */
	};
	rootObject = 04F77B16196A7C3D00F732C8 /* Project object */;
}
